
Microsoft Visual Studio Solution File, Format Version 12.00
# Visual Studio Version 16
VisualStudioVersion = 16.0.30309.148
MinimumVisualStudioVersion = 10.0.40219.1
Project("{FAE04EC0-301F-11D3-BF4B-00C04F79EFBC}") = "TestAutomation", "TestAutomation\TestAutomation.csproj", "{3542BE88-3A1A-4CFB-9ECB-3B6C127D16AE}"
EndProject
Global
	GlobalSection(SolutionConfigurationPlatforms) = preSolution
		Debug|Any CPU = Debug|Any CPU
		Release|Any CPU = Release|Any CPU
	EndGlobalSection
	GlobalSection(ProjectConfigurationPlatforms) = postSolution
		{3542BE88-3A1A-4CFB-9ECB-3B6C127D16AE}.Debug|Any CPU.ActiveCfg = Debug|Any CPU
		{3542BE88-3A1A-4CFB-9ECB-3B6C127D16AE}.Debug|Any CPU.Build.0 = Debug|Any CPU
		{3542BE88-3A1A-4CFB-9ECB-3B6C127D16AE}.Release|Any CPU.ActiveCfg = Release|Any CPU
		{3542BE88-3A1A-4CFB-9ECB-3B6C127D16AE}.Release|Any CPU.Build.0 = Release|Any CPU
	EndGlobalSection
	GlobalSection(SolutionProperties) = preSolution
		HideSolutionNode = FALSE
	EndGlobalSection
	GlobalSection(ExtensibilityGlobals) = postSolution
		SolutionGuid = {F652E33A-1B0E-4ADB-830D-A943E716ECB3}
	EndGlobalSection
EndGlobal
